
Microsoft Visual Studio Solution File, Format Version 11.00
# Visual Studio 2010
Project("{FAE04EC0-301F-11D3-BF4B-00C04F79EFBC}") = "SerialControl", "SerialControl\SerialControl.csproj", "{5A1D3996-025A-474B-802F-68A510B9B7EB}"
EndProject
Project("{FAE04EC0-301F-11D3-BF4B-00C04F79EFBC}") = "EmotivaControl", "EmotivaControl\EmotivaControl.csproj", "{C6DEFFA1-2A3D-433F-A6B6-8A3DFB195921}"
EndProject
Project("{FAE04EC0-301F-11D3-BF4B-00C04F79EFBC}") = "SpeechControl", "SpeechControl\SpeechControl.csproj", "{4B7C5191-C906-451B-955F-7F3E0994E956}"
EndProject
Project("{FAE04EC0-301F-11D3-BF4B-00C04F79EFBC}") = "HTControl", "HTControl\HTControl.csproj", "{A338878C-018B-4027-8D1D-C9951153DBCC}"
EndProject
Global
	GlobalSection(SolutionConfigurationPlatforms) = preSolution
		Debug|Any CPU = Debug|Any CPU
		Debug|Mixed Platforms = Debug|Mixed Platforms
		Debug|x86 = Debug|x86
		Release|Any CPU = Release|Any CPU
		Release|Mixed Platforms = Release|Mixed Platforms
		Release|x86 = Release|x86
	EndGlobalSection
	GlobalSection(ProjectConfigurationPlatforms) = postSolution
		{5A1D3996-025A-474B-802F-68A510B9B7EB}.Debug|Any CPU.ActiveCfg = Debug|Any CPU
		{5A1D3996-025A-474B-802F-68A510B9B7EB}.Debug|Any CPU.Build.0 = Debug|Any CPU
		{5A1D3996-025A-474B-802F-68A510B9B7EB}.Debug|Mixed Platforms.ActiveCfg = Debug|Any CPU
		{5A1D3996-025A-474B-802F-68A510B9B7EB}.Debug|Mixed Platforms.Build.0 = Debug|Any CPU
		{5A1D3996-025A-474B-802F-68A510B9B7EB}.Debug|x86.ActiveCfg = Debug|Any CPU
		{5A1D3996-025A-474B-802F-68A510B9B7EB}.Release|Any CPU.ActiveCfg = Release|Any CPU
		{5A1D3996-025A-474B-802F-68A510B9B7EB}.Release|Any CPU.Build.0 = Release|Any CPU
		{5A1D3996-025A-474B-802F-68A510B9B7EB}.Release|Mixed Platforms.ActiveCfg = Release|Any CPU
		{5A1D3996-025A-474B-802F-68A510B9B7EB}.Release|Mixed Platforms.Build.0 = Release|Any CPU
		{5A1D3996-025A-474B-802F-68A510B9B7EB}.Release|x86.ActiveCfg = Release|Any CPU
		{C6DEFFA1-2A3D-433F-A6B6-8A3DFB195921}.Debug|Any CPU.ActiveCfg = Debug|Any CPU
		{C6DEFFA1-2A3D-433F-A6B6-8A3DFB195921}.Debug|Any CPU.Build.0 = Debug|Any CPU
		{C6DEFFA1-2A3D-433F-A6B6-8A3DFB195921}.Debug|Mixed Platforms.ActiveCfg = Debug|Any CPU
		{C6DEFFA1-2A3D-433F-A6B6-8A3DFB195921}.Debug|Mixed Platforms.Build.0 = Debug|Any CPU
		{C6DEFFA1-2A3D-433F-A6B6-8A3DFB195921}.Debug|x86.ActiveCfg = Debug|Any CPU
		{C6DEFFA1-2A3D-433F-A6B6-8A3DFB195921}.Release|Any CPU.ActiveCfg = Release|Any CPU
		{C6DEFFA1-2A3D-433F-A6B6-8A3DFB195921}.Release|Any CPU.Build.0 = Release|Any CPU
		{C6DEFFA1-2A3D-433F-A6B6-8A3DFB195921}.Release|Mixed Platforms.ActiveCfg = Release|Any CPU
		{C6DEFFA1-2A3D-433F-A6B6-8A3DFB195921}.Release|Mixed Platforms.Build.0 = Release|Any CPU
		{C6DEFFA1-2A3D-433F-A6B6-8A3DFB195921}.Release|x86.ActiveCfg = Release|Any CPU
		{4B7C5191-C906-451B-955F-7F3E0994E956}.Debug|Any CPU.ActiveCfg = Debug|Any CPU
		{4B7C5191-C906-451B-955F-7F3E0994E956}.Debug|Any CPU.Build.0 = Debug|Any CPU
		{4B7C5191-C906-451B-955F-7F3E0994E956}.Debug|Mixed Platforms.ActiveCfg = Debug|Any CPU
		{4B7C5191-C906-451B-955F-7F3E0994E956}.Debug|Mixed Platforms.Build.0 = Debug|Any CPU
		{4B7C5191-C906-451B-955F-7F3E0994E956}.Debug|x86.ActiveCfg = Debug|Any CPU
		{4B7C5191-C906-451B-955F-7F3E0994E956}.Release|Any CPU.ActiveCfg = Release|Any CPU
		{4B7C5191-C906-451B-955F-7F3E0994E956}.Release|Any CPU.Build.0 = Release|Any CPU
		{4B7C5191-C906-451B-955F-7F3E0994E956}.Release|Mixed Platforms.ActiveCfg = Release|Any CPU
		{4B7C5191-C906-451B-955F-7F3E0994E956}.Release|Mixed Platforms.Build.0 = Release|Any CPU
		{4B7C5191-C906-451B-955F-7F3E0994E956}.Release|x86.ActiveCfg = Release|Any CPU
		{A338878C-018B-4027-8D1D-C9951153DBCC}.Debug|Any CPU.ActiveCfg = Debug|x86
		{A338878C-018B-4027-8D1D-C9951153DBCC}.Debug|Mixed Platforms.ActiveCfg = Debug|x86
		{A338878C-018B-4027-8D1D-C9951153DBCC}.Debug|Mixed Platforms.Build.0 = Debug|x86
		{A338878C-018B-4027-8D1D-C9951153DBCC}.Debug|x86.ActiveCfg = Debug|x86
		{A338878C-018B-4027-8D1D-C9951153DBCC}.Debug|x86.Build.0 = Debug|x86
		{A338878C-018B-4027-8D1D-C9951153DBCC}.Release|Any CPU.ActiveCfg = Release|x86
		{A338878C-018B-4027-8D1D-C9951153DBCC}.Release|Mixed Platforms.ActiveCfg = Release|x86
		{A338878C-018B-4027-8D1D-C9951153DBCC}.Release|Mixed Platforms.Build.0 = Release|x86
		{A338878C-018B-4027-8D1D-C9951153DBCC}.Release|x86.ActiveCfg = Release|x86
		{A338878C-018B-4027-8D1D-C9951153DBCC}.Release|x86.Build.0 = Release|x86
	EndGlobalSection
	GlobalSection(SolutionProperties) = preSolution
		HideSolutionNode = FALSE
	EndGlobalSection
EndGlobal
